
Microsoft Visual Studio Solution File, Format Version 12.00
# Visual Studio Version 17
VisualStudioVersion = 17.7.34221.43
MinimumVisualStudioVersion = 10.0.40219.1
Project("{2150E333-8FDC-42A3-9474-1A3956D46DE8}") = "src", "src", "{BFBBEDAC-5CB7-4A65-9463-E6F9710B67AF}"
EndProject
Project("{2150E333-8FDC-42A3-9474-1A3956D46DE8}") = "DemoProject", "DemoProject", "{8BF1CCFC-8C40-49B0-9B62-A077E44F1134}"
EndProject
Project("{FAE04EC0-301F-11D3-BF4B-00C04F79EFBC}") = "Demo.API", "Demo.API\Demo.API.csproj", "{96FCBCF8-AF20-49EA-A2F5-5EA3DD87EE11}"
EndProject
Project("{FAE04EC0-301F-11D3-BF4B-00C04F79EFBC}") = "Demo.Domain", "Demo.Domain\Demo.Domain.csproj", "{2FC4F9A4-F135-4F46-ACC5-D883BCD1E3B8}"
EndProject
Project("{FAE04EC0-301F-11D3-BF4B-00C04F79EFBC}") = "Demo.Infrastructure", "Demo.Infrastructure\Demo.Infrastructure.csproj", "{95703259-12BE-4DCC-BDD3-6A3087587F76}"
EndProject
Project("{FAE04EC0-301F-11D3-BF4B-00C04F79EFBC}") = "Demo.Application", "Demo.Application\Demo.Application.csproj", "{D4F83187-66FE-4869-B7B1-A52C37E6D355}"
EndProject
Global
	GlobalSection(SolutionConfigurationPlatforms) = preSolution
		Debug|Any CPU = Debug|Any CPU
		Release|Any CPU = Release|Any CPU
	EndGlobalSection
	GlobalSection(ProjectConfigurationPlatforms) = postSolution
		{96FCBCF8-AF20-49EA-A2F5-5EA3DD87EE11}.Debug|Any CPU.ActiveCfg = Debug|Any CPU
		{96FCBCF8-AF20-49EA-A2F5-5EA3DD87EE11}.Debug|Any CPU.Build.0 = Debug|Any CPU
		{96FCBCF8-AF20-49EA-A2F5-5EA3DD87EE11}.Release|Any CPU.ActiveCfg = Release|Any CPU
		{96FCBCF8-AF20-49EA-A2F5-5EA3DD87EE11}.Release|Any CPU.Build.0 = Release|Any CPU
		{2FC4F9A4-F135-4F46-ACC5-D883BCD1E3B8}.Debug|Any CPU.ActiveCfg = Debug|Any CPU
		{2FC4F9A4-F135-4F46-ACC5-D883BCD1E3B8}.Debug|Any CPU.Build.0 = Debug|Any CPU
		{2FC4F9A4-F135-4F46-ACC5-D883BCD1E3B8}.Release|Any CPU.ActiveCfg = Release|Any CPU
		{2FC4F9A4-F135-4F46-ACC5-D883BCD1E3B8}.Release|Any CPU.Build.0 = Release|Any CPU
		{95703259-12BE-4DCC-BDD3-6A3087587F76}.Debug|Any CPU.ActiveCfg = Debug|Any CPU
		{95703259-12BE-4DCC-BDD3-6A3087587F76}.Debug|Any CPU.Build.0 = Debug|Any CPU
		{95703259-12BE-4DCC-BDD3-6A3087587F76}.Release|Any CPU.ActiveCfg = Release|Any CPU
		{95703259-12BE-4DCC-BDD3-6A3087587F76}.Release|Any CPU.Build.0 = Release|Any CPU
		{D4F83187-66FE-4869-B7B1-A52C37E6D355}.Debug|Any CPU.ActiveCfg = Debug|Any CPU
		{D4F83187-66FE-4869-B7B1-A52C37E6D355}.Debug|Any CPU.Build.0 = Debug|Any CPU
		{D4F83187-66FE-4869-B7B1-A52C37E6D355}.Release|Any CPU.ActiveCfg = Release|Any CPU
		{D4F83187-66FE-4869-B7B1-A52C37E6D355}.Release|Any CPU.Build.0 = Release|Any CPU
	EndGlobalSection
	GlobalSection(SolutionProperties) = preSolution
		HideSolutionNode = FALSE
	EndGlobalSection
	GlobalSection(NestedProjects) = preSolution
		{8BF1CCFC-8C40-49B0-9B62-A077E44F1134} = {BFBBEDAC-5CB7-4A65-9463-E6F9710B67AF}
		{96FCBCF8-AF20-49EA-A2F5-5EA3DD87EE11} = {8BF1CCFC-8C40-49B0-9B62-A077E44F1134}
		{2FC4F9A4-F135-4F46-ACC5-D883BCD1E3B8} = {8BF1CCFC-8C40-49B0-9B62-A077E44F1134}
		{95703259-12BE-4DCC-BDD3-6A3087587F76} = {8BF1CCFC-8C40-49B0-9B62-A077E44F1134}
		{D4F83187-66FE-4869-B7B1-A52C37E6D355} = {8BF1CCFC-8C40-49B0-9B62-A077E44F1134}
	EndGlobalSection
	GlobalSection(ExtensibilityGlobals) = postSolution
		SolutionGuid = {0C7838DA-9FE2-41CB-A370-32508333367F}
	EndGlobalSection
EndGlobal
